
Microsoft Visual Studio Solution File, Format Version 12.00
# Visual Studio Version 17
VisualStudioVersion = 17.7.34221.43
MinimumVisualStudioVersion = 10.0.40219.1
Project("{FAE04EC0-301F-11D3-BF4B-00C04F79EFBC}") = "StokTakipOtomasyonu", "StokTakipOtomasyonu\StokTakipOtomasyonu.csproj", "{EA0898B7-8FD9-4608-A5BA-DFB3D530AC29}"
EndProject
Global
	GlobalSection(SolutionConfigurationPlatforms) = preSolution
		Debug|Any CPU = Debug|Any CPU
		Release|Any CPU = Release|Any CPU
	EndGlobalSection
	GlobalSection(ProjectConfigurationPlatforms) = postSolution
		{EA0898B7-8FD9-4608-A5BA-DFB3D530AC29}.Debug|Any CPU.ActiveCfg = Debug|Any CPU
		{EA0898B7-8FD9-4608-A5BA-DFB3D530AC29}.Debug|Any CPU.Build.0 = Debug|Any CPU
		{EA0898B7-8FD9-4608-A5BA-DFB3D530AC29}.Release|Any CPU.ActiveCfg = Release|Any CPU
		{EA0898B7-8FD9-4608-A5BA-DFB3D530AC29}.Release|Any CPU.Build.0 = Release|Any CPU
	EndGlobalSection
	GlobalSection(SolutionProperties) = preSolution
		HideSolutionNode = FALSE
	EndGlobalSection
	GlobalSection(ExtensibilityGlobals) = postSolution
		SolutionGuid = {669FB7AA-224B-4723-A6AD-0963FE5D09FB}
	EndGlobalSection
EndGlobal
